
Microsoft Visual Studio Solution File, Format Version 12.00
# Visual Studio Version 17
VisualStudioVersion = 17.14.36915.13 d17.14
MinimumVisualStudioVersion = 10.0.40219.1
Project("{FAE04EC0-301F-11D3-BF4B-00C04F79EFBC}") = "MARAPAO_2ndExam", "MARAPAO_2ndExam\MARAPAO_2ndExam.csproj", "{D3E2540F-B09C-4492-A900-423585D81E73}"
EndProject
Global
	GlobalSection(SolutionConfigurationPlatforms) = preSolution
		Debug|Any CPU = Debug|Any CPU
		Release|Any CPU = Release|Any CPU
	EndGlobalSection
	GlobalSection(ProjectConfigurationPlatforms) = postSolution
		{D3E2540F-B09C-4492-A900-423585D81E73}.Debug|Any CPU.ActiveCfg = Debug|Any CPU
		{D3E2540F-B09C-4492-A900-423585D81E73}.Debug|Any CPU.Build.0 = Debug|Any CPU
		{D3E2540F-B09C-4492-A900-423585D81E73}.Release|Any CPU.ActiveCfg = Release|Any CPU
		{D3E2540F-B09C-4492-A900-423585D81E73}.Release|Any CPU.Build.0 = Release|Any CPU
	EndGlobalSection
	GlobalSection(SolutionProperties) = preSolution
		HideSolutionNode = FALSE
	EndGlobalSection
	GlobalSection(ExtensibilityGlobals) = postSolution
		SolutionGuid = {06AC04AD-3195-40D9-9BE2-361F5128CBA7}
	EndGlobalSection
EndGlobal
